// !$*UTF8*$!
{
	archiveVersion = 1;
	classes = {
	};
	objectVersion = 46;
	objects = {

/* Begin PBXBuildFile section */
		844F0A4A1DC8C90D005C0867 /* back@2x.png in Resources */ = {isa = PBXBuildFile; fileRef = 844F0A461DC8C90D005C0867 /* back@2x.png */; };
		844F0A4B1DC8C90D005C0867 /* back@3x.png in Resources */ = {isa = PBXBuildFile; fileRef = 844F0A471DC8C90D005C0867 /* back@3x.png */; };
		844F0A4C1DC8C90D005C0867 /* cameraroll-picker-grip@2x.png in Resources */ = {isa = PBXBuildFile; fileRef = 844F0A481DC8C90D005C0867 /* cameraroll-picker-grip@2x.png */; };
		844F0A4D1DC8C90D005C0867 /* cameraroll-picker-grip@3x.png in Resources */ = {isa = PBXBuildFile; fileRef = 844F0A491DC8C90D005C0867 /* cameraroll-picker-grip@3x.png */; };
		844F0A5A1DC8C923005C0867 /* DQImageScrollView.m in Sources */ = {isa = PBXBuildFile; fileRef = 844F0A4F1DC8C923005C0867 /* DQImageScrollView.m */; };
		844F0A5B1DC8C923005C0867 /* DQPhoto.m in Sources */ = {isa = PBXBuildFile; fileRef = 844F0A511DC8C923005C0867 /* DQPhoto.m */; };
		844F0A5C1DC8C923005C0867 /* DQPhotoAlbumList.m in Sources */ = {isa = PBXBuildFile; fileRef = 844F0A531DC8C923005C0867 /* DQPhotoAlbumList.m */; };
		844F0A5D1DC8C923005C0867 /* DQPhotoCollectionCell.m in Sources */ = {isa = PBXBuildFile; fileRef = 844F0A551DC8C923005C0867 /* DQPhotoCollectionCell.m */; };
		844F0A5E1DC8C923005C0867 /* DQPhotoCollectionController.m in Sources */ = {isa = PBXBuildFile; fileRef = 844F0A571DC8C923005C0867 /* DQPhotoCollectionController.m */; };
		844F0A5F1DC8C923005C0867 /* DQPhotoLoader.m in Sources */ = {isa = PBXBuildFile; fileRef = 844F0A591DC8C923005C0867 /* DQPhotoLoader.m */; };
		84665AAF1DC77070004241A2 /* UIButton+CustomButton.m in Sources */ = {isa = PBXBuildFile; fileRef = 84665AAE1DC77070004241A2 /* UIButton+CustomButton.m */; };
		84665AB21DC774FC004241A2 /* DQPhotoManager.m in Sources */ = {isa = PBXBuildFile; fileRef = 84665AB11DC774FC004241A2 /* DQPhotoManager.m */; };
		84665ABC1DC78C07004241A2 /* DQBaseNavigationController.m in Sources */ = {isa = PBXBuildFile; fileRef = 84665ABB1DC78C07004241A2 /* DQBaseNavigationController.m */; };
		84A4EF591DC73FBA00969C9B /* main.m in Sources */ = {isa = PBXBuildFile; fileRef = 84A4EF581DC73FBA00969C9B /* main.m */; };
		84A4EF621DC73FBA00969C9B /* Main.storyboard in Resources */ = {isa = PBXBuildFile; fileRef = 84A4EF601DC73FBA00969C9B /* Main.storyboard */; };
		84A4EF641DC73FBA00969C9B /* Assets.xcassets in Resources */ = {isa = PBXBuildFile; fileRef = 84A4EF631DC73FBA00969C9B /* Assets.xcassets */; };
		84A4EF671DC73FBA00969C9B /* LaunchScreen.storyboard in Resources */ = {isa = PBXBuildFile; fileRef = 84A4EF651DC73FBA00969C9B /* LaunchScreen.storyboard */; };
		84A4EF761DC7440200969C9B /* AppDelegate.m in Sources */ = {isa = PBXBuildFile; fileRef = 84A4EF751DC7440200969C9B /* AppDelegate.m */; };
		84A4EF801DC74FFB00969C9B /* DQMainViewController.m in Sources */ = {isa = PBXBuildFile; fileRef = 84A4EF7F1DC74FFB00969C9B /* DQMainViewController.m */; };
		A888F66BA61C784FDAC37F1C /* libPods-CherrysGift.a in Frameworks */ = {isa = PBXBuildFile; fileRef = 82931CADC22BCC41F553CB82 /* libPods-CherrysGift.a */; };
/* End PBXBuildFile section */

/* Begin PBXFileReference section */
		0F1B52D3F2EA46F54AAAAF8C /* Pods-CherrysGift.debug.xcconfig */ = {isa = PBXFileReference; includeInIndex = 1; lastKnownFileType = text.xcconfig; name = "Pods-CherrysGift.debug.xcconfig"; path = "Pods/Target Support Files/Pods-CherrysGift/Pods-CherrysGift.debug.xcconfig"; sourceTree = "<group>"; };
		82931CADC22BCC41F553CB82 /* libPods-CherrysGift.a */ = {isa = PBXFileReference; explicitFileType = archive.ar; includeInIndex = 0; path = "libPods-CherrysGift.a"; sourceTree = BUILT_PRODUCTS_DIR; };
		844F0A461DC8C90D005C0867 /* back@2x.png */ = {isa = PBXFileReference; lastKnownFileType = image.png; path = "back@2x.png"; sourceTree = "<group>"; };
		844F0A471DC8C90D005C0867 /* back@3x.png */ = {isa = PBXFileReference; lastKnownFileType = image.png; path = "back@3x.png"; sourceTree = "<group>"; };
		844F0A481DC8C90D005C0867 /* cameraroll-picker-grip@2x.png */ = {isa = PBXFileReference; lastKnownFileType = image.png; path = "cameraroll-picker-grip@2x.png"; sourceTree = "<group>"; };
		844F0A491DC8C90D005C0867 /* cameraroll-picker-grip@3x.png */ = {isa = PBXFileReference; lastKnownFileType = image.png; path = "cameraroll-picker-grip@3x.png"; sourceTree = "<group>"; };
		844F0A4E1DC8C923005C0867 /* DQImageScrollView.h */ = {isa = PBXFileReference; fileEncoding = 4; lastKnownFileType = sourcecode.c.h; path = DQImageScrollView.h; sourceTree = "<group>"; };
		844F0A4F1DC8C923005C0867 /* DQImageScrollView.m */ = {isa = PBXFileReference; fileEncoding = 4; lastKnownFileType = sourcecode.c.objc; path = DQImageScrollView.m; sourceTree = "<group>"; };
		844F0A501DC8C923005C0867 /* DQPhoto.h */ = {isa = PBXFileReference; fileEncoding = 4; lastKnownFileType = sourcecode.c.h; path = DQPhoto.h; sourceTree = "<group>"; };
		844F0A511DC8C923005C0867 /* DQPhoto.m */ = {isa = PBXFileReference; fileEncoding = 4; lastKnownFileType = sourcecode.c.objc; path = DQPhoto.m; sourceTree = "<group>"; };
		844F0A521DC8C923005C0867 /* DQPhotoAlbumList.h */ = {isa = PBXFileReference; fileEncoding = 4; lastKnownFileType = sourcecode.c.h; path = DQPhotoAlbumList.h; sourceTree = "<group>"; };
		844F0A531DC8C923005C0867 /* DQPhotoAlbumList.m */ = {isa = PBXFileReference; fileEncoding = 4; lastKnownFileType = sourcecode.c.objc; path = DQPhotoAlbumList.m; sourceTree = "<group>"; };
		844F0A541DC8C923005C0867 /* DQPhotoCollectionCell.h */ = {isa = PBXFileReference; fileEncoding = 4; lastKnownFileType = sourcecode.c.h; path = DQPhotoCollectionCell.h; sourceTree = "<group>"; };
		844F0A551DC8C923005C0867 /* DQPhotoCollectionCell.m */ = {isa = PBXFileReference; fileEncoding = 4; lastKnownFileType = sourcecode.c.objc; path = DQPhotoCollectionCell.m; sourceTree = "<group>"; };
		844F0A561DC8C923005C0867 /* DQPhotoCollectionController.h */ = {isa = PBXFileReference; fileEncoding = 4; lastKnownFileType = sourcecode.c.h; path = DQPhotoCollectionController.h; sourceTree = "<group>"; };
		844F0A571DC8C923005C0867 /* DQPhotoCollectionController.m */ = {isa = PBXFileReference; fileEncoding = 4; lastKnownFileType = sourcecode.c.objc; path = DQPhotoCollectionController.m; sourceTree = "<group>"; };
		844F0A581DC8C923005C0867 /* DQPhotoLoader.h */ = {isa = PBXFileReference; fileEncoding = 4; lastKnownFileType = sourcecode.c.h; path = DQPhotoLoader.h; sourceTree = "<group>"; };
		844F0A591DC8C923005C0867 /* DQPhotoLoader.m */ = {isa = PBXFileReference; fileEncoding = 4; lastKnownFileType = sourcecode.c.objc; path = DQPhotoLoader.m; sourceTree = "<group>"; };
		84665AAD1DC77070004241A2 /* UIButton+CustomButton.h */ = {isa = PBXFileReference; fileEncoding = 4; lastKnownFileType = sourcecode.c.h; path = "UIButton+CustomButton.h"; sourceTree = "<group>"; };
		84665AAE1DC77070004241A2 /* UIButton+CustomButton.m */ = {isa = PBXFileReference; fileEncoding = 4; lastKnownFileType = sourcecode.c.objc; path = "UIButton+CustomButton.m"; sourceTree = "<group>"; };
		84665AB01DC774FC004241A2 /* DQPhotoManager.h */ = {isa = PBXFileReference; fileEncoding = 4; lastKnownFileType = sourcecode.c.h; path = DQPhotoManager.h; sourceTree = "<group>"; };
		84665AB11DC774FC004241A2 /* DQPhotoManager.m */ = {isa = PBXFileReference; fileEncoding = 4; lastKnownFileType = sourcecode.c.objc; path = DQPhotoManager.m; sourceTree = "<group>"; };
		84665ABA1DC78C07004241A2 /* DQBaseNavigationController.h */ = {isa = PBXFileReference; fileEncoding = 4; lastKnownFileType = sourcecode.c.h; path = DQBaseNavigationController.h; sourceTree = "<group>"; };
		84665ABB1DC78C07004241A2 /* DQBaseNavigationController.m */ = {isa = PBXFileReference; fileEncoding = 4; lastKnownFileType = sourcecode.c.objc; path = DQBaseNavigationController.m; sourceTree = "<group>"; };
		84A4EF541DC73FBA00969C9B /* CherrysGift.app */ = {isa = PBXFileReference; explicitFileType = wrapper.application; includeInIndex = 0; path = CherrysGift.app; sourceTree = BUILT_PRODUCTS_DIR; };
		84A4EF581DC73FBA00969C9B /* main.m */ = {isa = PBXFileReference; lastKnownFileType = sourcecode.c.objc; path = main.m; sourceTree = "<group>"; };
		84A4EF611DC73FBA00969C9B /* Base */ = {isa = PBXFileReference; lastKnownFileType = file.storyboard; name = Base; path = Base.lproj/Main.storyboard; sourceTree = "<group>"; };
		84A4EF631DC73FBA00969C9B /* Assets.xcassets */ = {isa = PBXFileReference; lastKnownFileType = folder.assetcatalog; path = Assets.xcassets; sourceTree = "<group>"; };
		84A4EF661DC73FBA00969C9B /* Base */ = {isa = PBXFileReference; lastKnownFileType = file.storyboard; name = Base; path = Base.lproj/LaunchScreen.storyboard; sourceTree = "<group>"; };
		84A4EF681DC73FBA00969C9B /* Info.plist */ = {isa = PBXFileReference; lastKnownFileType = text.plist.xml; path = Info.plist; sourceTree = "<group>"; };
		84A4EF741DC7440200969C9B /* AppDelegate.h */ = {isa = PBXFileReference; fileEncoding = 4; lastKnownFileType = sourcecode.c.h; path = AppDelegate.h; sourceTree = "<group>"; };
		84A4EF751DC7440200969C9B /* AppDelegate.m */ = {isa = PBXFileReference; fileEncoding = 4; lastKnownFileType = sourcecode.c.objc; path = AppDelegate.m; sourceTree = "<group>"; };
		84A4EF7E1DC74FFB00969C9B /* DQMainViewController.h */ = {isa = PBXFileReference; fileEncoding = 4; lastKnownFileType = sourcecode.c.h; path = DQMainViewController.h; sourceTree = "<group>"; };
		84A4EF7F1DC74FFB00969C9B /* DQMainViewController.m */ = {isa = PBXFileReference; fileEncoding = 4; lastKnownFileType = sourcecode.c.objc; path = DQMainViewController.m; sourceTree = "<group>"; };
		84A4EF811DC75FD300969C9B /* ConstntDefine.h */ = {isa = PBXFileReference; lastKnownFileType = sourcecode.c.h; path = ConstntDefine.h; sourceTree = "<group>"; };
		84A4EF831DC762D500969C9B /* CherrysGiftHeader.pch */ = {isa = PBXFileReference; lastKnownFileType = sourcecode.c.h; path = CherrysGiftHeader.pch; sourceTree = "<group>"; };
		F392B8D6E861657FFB7DF8E7 /* Pods-CherrysGift.release.xcconfig */ = {isa = PBXFileReference; includeInIndex = 1; lastKnownFileType = text.xcconfig; name = "Pods-CherrysGift.release.xcconfig"; path = "Pods/Target Support Files/Pods-CherrysGift/Pods-CherrysGift.release.xcconfig"; sourceTree = "<group>"; };
/* End PBXFileReference section */

/* Begin PBXFrameworksBuildPhase section */
		84A4EF511DC73FBA00969C9B /* Frameworks */ = {
			isa = PBXFrameworksBuildPhase;
			buildActionMask = 2147483647;
			files = (
				A888F66BA61C784FDAC37F1C /* libPods-CherrysGift.a in Frameworks */,
			);
			runOnlyForDeploymentPostprocessing = 0;
		};
/* End PBXFrameworksBuildPhase section */

/* Begin PBXGroup section */
		18A1386F393CBB87068D5172 /* Pods */ = {
			isa = PBXGroup;
			children = (
				0F1B52D3F2EA46F54AAAAF8C /* Pods-CherrysGift.debug.xcconfig */,
				F392B8D6E861657FFB7DF8E7 /* Pods-CherrysGift.release.xcconfig */,
			);
			name = Pods;
			sourceTree = "<group>";
		};
		7EBECDDC0CE125AFC486CFC2 /* Frameworks */ = {
			isa = PBXGroup;
			children = (
				82931CADC22BCC41F553CB82 /* libPods-CherrysGift.a */,
			);
			name = Frameworks;
			sourceTree = "<group>";
		};
		844F0A441DC8C8D7005C0867 /* DQPhotoPicker */ = {
			isa = PBXGroup;
			children = (
				844F0A451DC8C8F3005C0867 /* Resource */,
				844F0A4E1DC8C923005C0867 /* DQImageScrollView.h */,
				844F0A4F1DC8C923005C0867 /* DQImageScrollView.m */,
				844F0A501DC8C923005C0867 /* DQPhoto.h */,
				844F0A511DC8C923005C0867 /* DQPhoto.m */,
				844F0A521DC8C923005C0867 /* DQPhotoAlbumList.h */,
				844F0A531DC8C923005C0867 /* DQPhotoAlbumList.m */,
				844F0A541DC8C923005C0867 /* DQPhotoCollectionCell.h */,
				844F0A551DC8C923005C0867 /* DQPhotoCollectionCell.m */,
				844F0A561DC8C923005C0867 /* DQPhotoCollectionController.h */,
				844F0A571DC8C923005C0867 /* DQPhotoCollectionController.m */,
				844F0A581DC8C923005C0867 /* DQPhotoLoader.h */,
				844F0A591DC8C923005C0867 /* DQPhotoLoader.m */,
			);
			path = DQPhotoPicker;
			sourceTree = "<group>";
		};
		844F0A451DC8C8F3005C0867 /* Resource */ = {
			isa = PBXGroup;
			children = (
				844F0A461DC8C90D005C0867 /* back@2x.png */,
				844F0A471DC8C90D005C0867 /* back@3x.png */,
				844F0A481DC8C90D005C0867 /* cameraroll-picker-grip@2x.png */,
				844F0A491DC8C90D005C0867 /* cameraroll-picker-grip@3x.png */,
			);
			path = Resource;
			sourceTree = "<group>";
		};
		84665AAC1DC77037004241A2 /* Categroies */ = {
			isa = PBXGroup;
			children = (
				84665AAD1DC77070004241A2 /* UIButton+CustomButton.h */,
				84665AAE1DC77070004241A2 /* UIButton+CustomButton.m */,
			);
			name = Categroies;
			sourceTree = "<group>";
		};
		84665AB91DC78BDF004241A2 /* Main */ = {
			isa = PBXGroup;
			children = (
				84665ABA1DC78C07004241A2 /* DQBaseNavigationController.h */,
				84665ABB1DC78C07004241A2 /* DQBaseNavigationController.m */,
			);
			path = Main;
			sourceTree = "<group>";
		};
		84A4EF4B1DC73FBA00969C9B = {
			isa = PBXGroup;
			children = (
				84A4EF561DC73FBA00969C9B /* CherrysGift */,
				84A4EF551DC73FBA00969C9B /* Products */,
				18A1386F393CBB87068D5172 /* Pods */,
				7EBECDDC0CE125AFC486CFC2 /* Frameworks */,
			);
			sourceTree = "<group>";
		};
		84A4EF551DC73FBA00969C9B /* Products */ = {
			isa = PBXGroup;
			children = (
				84A4EF541DC73FBA00969C9B /* CherrysGift.app */,
			);
			name = Products;
			sourceTree = "<group>";
		};
		84A4EF561DC73FBA00969C9B /* CherrysGift */ = {
			isa = PBXGroup;
			children = (
				84A4EF831DC762D500969C9B /* CherrysGiftHeader.pch */,
				84A4EF6E1DC742EF00969C9B /* Classes */,
				84A4EF601DC73FBA00969C9B /* Main.storyboard */,
				84A4EF631DC73FBA00969C9B /* Assets.xcassets */,
				84A4EF651DC73FBA00969C9B /* LaunchScreen.storyboard */,
				84A4EF681DC73FBA00969C9B /* Info.plist */,
				84A4EF571DC73FBA00969C9B /* Supporting Files */,
			);
			path = CherrysGift;
			sourceTree = "<group>";
		};
		84A4EF571DC73FBA00969C9B /* Supporting Files */ = {
			isa = PBXGroup;
			children = (
				84A4EF581DC73FBA00969C9B /* main.m */,
			);
			name = "Supporting Files";
			sourceTree = "<group>";
		};
		84A4EF6E1DC742EF00969C9B /* Classes */ = {
			isa = PBXGroup;
			children = (
				844F0A441DC8C8D7005C0867 /* DQPhotoPicker */,
				84665AB91DC78BDF004241A2 /* Main */,
				84A4EF701DC7432000969C9B /* Views */,
				84A4EF711DC7432C00969C9B /* Controllers */,
				84A4EF6F1DC7431A00969C9B /* Models */,
				84A4EF721DC7433C00969C9B /* Others */,
				84665AAC1DC77037004241A2 /* Categroies */,
			);
			path = Classes;
			sourceTree = "<group>";
		};
		84A4EF6F1DC7431A00969C9B /* Models */ = {
			isa = PBXGroup;
			children = (
			);
			path = Models;
			sourceTree = "<group>";
		};
		84A4EF701DC7432000969C9B /* Views */ = {
			isa = PBXGroup;
			children = (
			);
			path = Views;
			sourceTree = "<group>";
		};
		84A4EF711DC7432C00969C9B /* Controllers */ = {
			isa = PBXGroup;
			children = (
				84A4EF7E1DC74FFB00969C9B /* DQMainViewController.h */,
				84A4EF7F1DC74FFB00969C9B /* DQMainViewController.m */,
			);
			path = Controllers;
			sourceTree = "<group>";
		};
		84A4EF721DC7433C00969C9B /* Others */ = {
			isa = PBXGroup;
			children = (
				84A4EF811DC75FD300969C9B /* ConstntDefine.h */,
				84A4EF741DC7440200969C9B /* AppDelegate.h */,
				84A4EF751DC7440200969C9B /* AppDelegate.m */,
				84665AB01DC774FC004241A2 /* DQPhotoManager.h */,
				84665AB11DC774FC004241A2 /* DQPhotoManager.m */,
			);
			path = Others;
			sourceTree = "<group>";
		};
/* End PBXGroup section */

/* Begin PBXNativeTarget section */
		84A4EF531DC73FBA00969C9B /* CherrysGift */ = {
			isa = PBXNativeTarget;
			buildConfigurationList = 84A4EF6B1DC73FBA00969C9B /* Build configuration list for PBXNativeTarget "CherrysGift" */;
			buildPhases = (
				3BC7247762DD03581274A501 /* [CP] Check Pods Manifest.lock */,
				84A4EF501DC73FBA00969C9B /* Sources */,
				84A4EF511DC73FBA00969C9B /* Frameworks */,
				84A4EF521DC73FBA00969C9B /* Resources */,
				BAD39C13A36EBE0E21B0BF15 /* [CP] Embed Pods Frameworks */,
				A09FF75125D4EFAD766F1801 /* [CP] Copy Pods Resources */,
			);
			buildRules = (
			);
			dependencies = (
			);
			name = CherrysGift;
			productName = CherrysGift;
			productReference = 84A4EF541DC73FBA00969C9B /* CherrysGift.app */;
			productType = "com.apple.product-type.application";
		};
/* End PBXNativeTarget section */

/* Begin PBXProject section */
		84A4EF4C1DC73FBA00969C9B /* Project object */ = {
			isa = PBXProject;
			attributes = {
				CLASSPREFIX = DQ;
				LastUpgradeCheck = 0800;
				ORGANIZATIONNAME = Derrick_Qin;
				TargetAttributes = {
					84A4EF531DC73FBA00969C9B = {
						CreatedOnToolsVersion = 8.0;
						DevelopmentTeam = 5LGER48KH8;
						ProvisioningStyle = Automatic;
					};
				};
			};
			buildConfigurationList = 84A4EF4F1DC73FBA00969C9B /* Build configuration list for PBXProject "CherrysGift" */;
			compatibilityVersion = "Xcode 3.2";
			developmentRegion = English;
			hasScannedForEncodings = 0;
			knownRegions = (
				en,
				Base,
			);
			mainGroup = 84A4EF4B1DC73FBA00969C9B;
			productRefGroup = 84A4EF551DC73FBA00969C9B /* Products */;
			projectDirPath = "";
			projectRoot = "";
			targets = (
				84A4EF531DC73FBA00969C9B /* CherrysGift */,
			);
		};
/* End PBXProject section */

/* Begin PBXResourcesBuildPhase section */
		84A4EF521DC73FBA00969C9B /* Resources */ = {
			isa = PBXResourcesBuildPhase;
			buildActionMask = 2147483647;
			files = (
				844F0A4B1DC8C90D005C0867 /* back@3x.png in Resources */,
				844F0A4D1DC8C90D005C0867 /* cameraroll-picker-grip@3x.png in Resources */,
				84A4EF671DC73FBA00969C9B /* LaunchScreen.storyboard in Resources */,
				844F0A4C1DC8C90D005C0867 /* cameraroll-picker-grip@2x.png in Resources */,
				844F0A4A1DC8C90D005C0867 /* back@2x.png in Resources */,
				84A4EF641DC73FBA00969C9B /* Assets.xcassets in Resources */,
				84A4EF621DC73FBA00969C9B /* Main.storyboard in Resources */,
			);
			runOnlyForDeploymentPostprocessing = 0;
		};
/* End PBXResourcesBuildPhase section */

/* Begin PBXShellScriptBuildPhase section */
		3BC7247762DD03581274A501 /* [CP] Check Pods Manifest.lock */ = {
			isa = PBXShellScriptBuildPhase;
			buildActionMask = 2147483647;
			files = (
			);
			inputPaths = (
			);
			name = "[CP] Check Pods Manifest.lock";
			outputPaths = (
			);
			runOnlyForDeploymentPostprocessing = 0;
			shellPath = /bin/sh;
			shellScript = "diff \"${PODS_ROOT}/../Podfile.lock\" \"${PODS_ROOT}/Manifest.lock\" > /dev/null\nif [ $? != 0 ] ; then\n    # print error to STDERR\n    echo \"error: The sandbox is not in sync with the Podfile.lock. Run 'pod install' or update your CocoaPods installation.\" >&2\n    exit 1\nfi\n";
			showEnvVarsInLog = 0;
		};
		A09FF75125D4EFAD766F1801 /* [CP] Copy Pods Resources */ = {
			isa = PBXShellScriptBuildPhase;
			buildActionMask = 2147483647;
			files = (
			);
			inputPaths = (
			);
			name = "[CP] Copy Pods Resources";
			outputPaths = (
			);
			runOnlyForDeploymentPostprocessing = 0;
			shellPath = /bin/sh;
			shellScript = "\"${SRCROOT}/Pods/Target Support Files/Pods-CherrysGift/Pods-CherrysGift-resources.sh\"\n";
			showEnvVarsInLog = 0;
		};
		BAD39C13A36EBE0E21B0BF15 /* [CP] Embed Pods Frameworks */ = {
			isa = PBXShellScriptBuildPhase;
			buildActionMask = 2147483647;
			files = (
			);
			inputPaths = (
			);
			name = "[CP] Embed Pods Frameworks";
			outputPaths = (
			);
			runOnlyForDeploymentPostprocessing = 0;
			shellPath = /bin/sh;
			shellScript = "\"${SRCROOT}/Pods/Target Support Files/Pods-CherrysGift/Pods-CherrysGift-frameworks.sh\"\n";
			showEnvVarsInLog = 0;
		};
/* End PBXShellScriptBuildPhase section */

/* Begin PBXSourcesBuildPhase section */
		84A4EF501DC73FBA00969C9B /* Sources */ = {
			isa = PBXSourcesBuildPhase;
			buildActionMask = 2147483647;
			files = (
				84A4EF761DC7440200969C9B /* AppDelegate.m in Sources */,
				844F0A5C1DC8C923005C0867 /* DQPhotoAlbumList.m in Sources */,
				84665AAF1DC77070004241A2 /* UIButton+CustomButton.m in Sources */,
				84665ABC1DC78C07004241A2 /* DQBaseNavigationController.m in Sources */,
				844F0A5B1DC8C923005C0867 /* DQPhoto.m in Sources */,
				844F0A5A1DC8C923005C0867 /* DQImageScrollView.m in Sources */,
				84A4EF591DC73FBA00969C9B /* main.m in Sources */,
				844F0A5E1DC8C923005C0867 /* DQPhotoCollectionController.m in Sources */,
				844F0A5F1DC8C923005C0867 /* DQPhotoLoader.m in Sources */,
				844F0A5D1DC8C923005C0867 /* DQPhotoCollectionCell.m in Sources */,
				84665AB21DC774FC004241A2 /* DQPhotoManager.m in Sources */,
				84A4EF801DC74FFB00969C9B /* DQMainViewController.m in Sources */,
			);
			runOnlyForDeploymentPostprocessing = 0;
		};
/* End PBXSourcesBuildPhase section */

/* Begin PBXVariantGroup section */
		84A4EF601DC73FBA00969C9B /* Main.storyboard */ = {
			isa = PBXVariantGroup;
			children = (
				84A4EF611DC73FBA00969C9B /* Base */,
			);
			name = Main.storyboard;
			sourceTree = "<group>";
		};
		84A4EF651DC73FBA00969C9B /* LaunchScreen.storyboard */ = {
			isa = PBXVariantGroup;
			children = (
				84A4EF661DC73FBA00969C9B /* Base */,
			);
			name = LaunchScreen.storyboard;
			sourceTree = "<group>";
		};
/* End PBXVariantGroup section */

/* Begin XCBuildConfiguration section */
		84A4EF691DC73FBA00969C9B /* Debug */ = {
			isa = XCBuildConfiguration;
			buildSettings = {
				ALWAYS_SEARCH_USER_PATHS = NO;
				CLANG_ANALYZER_NONNULL = YES;
				CLANG_CXX_LANGUAGE_STANDARD = "gnu++0x";
				CLANG_CXX_LIBRARY = "libc++";
				CLANG_ENABLE_MODULES = YES;
				CLANG_ENABLE_OBJC_ARC = YES;
				CLANG_WARN_BOOL_CONVERSION = YES;
				CLANG_WARN_CONSTANT_CONVERSION = YES;
				CLANG_WARN_DIRECT_OBJC_ISA_USAGE = YES_ERROR;
				CLANG_WARN_DOCUMENTATION_COMMENTS = YES;
				CLANG_WARN_EMPTY_BODY = YES;
				CLANG_WARN_ENUM_CONVERSION = YES;
				CLANG_WARN_INFINITE_RECURSION = YES;
				CLANG_WARN_INT_CONVERSION = YES;
				CLANG_WARN_OBJC_ROOT_CLASS = YES_ERROR;
				CLANG_WARN_SUSPICIOUS_MOVES = YES;
				CLANG_WARN_UNREACHABLE_CODE = YES;
				CLANG_WARN__DUPLICATE_METHOD_MATCH = YES;
				"CODE_SIGN_IDENTITY[sdk=iphoneos*]" = "iPhone Developer";
				COPY_PHASE_STRIP = NO;
				DEBUG_INFORMATION_FORMAT = dwarf;
				ENABLE_STRICT_OBJC_MSGSEND = YES;
				ENABLE_TESTABILITY = YES;
				GCC_C_LANGUAGE_STANDARD = gnu99;
				GCC_DYNAMIC_NO_PIC = NO;
				GCC_NO_COMMON_BLOCKS = YES;
				GCC_OPTIMIZATION_LEVEL = 0;
				GCC_PREPROCESSOR_DEFINITIONS = (
					"DEBUG=1",
					"$(inherited)",
				);
				GCC_WARN_64_TO_32_BIT_CONVERSION = YES;
				GCC_WARN_ABOUT_RETURN_TYPE = YES_ERROR;
				GCC_WARN_UNDECLARED_SELECTOR = YES;
				GCC_WARN_UNINITIALIZED_AUTOS = YES_AGGRESSIVE;
				GCC_WARN_UNUSED_FUNCTION = YES;
				GCC_WARN_UNUSED_VARIABLE = YES;
				IPHONEOS_DEPLOYMENT_TARGET = 10.0;
				MTL_ENABLE_DEBUG_INFO = YES;
				ONLY_ACTIVE_ARCH = YES;
				SDKROOT = iphoneos;
			};
			name = Debug;
		};
		84A4EF6A1DC73FBA00969C9B /* Release */ = {
			isa = XCBuildConfiguration;
			buildSettings = {
				ALWAYS_SEARCH_USER_PATHS = NO;
				CLANG_ANALYZER_NONNULL = YES;
				CLANG_CXX_LANGUAGE_STANDARD = "gnu++0x";
				CLANG_CXX_LIBRARY = "libc++";
				CLANG_ENABLE_MODULES = YES;
				CLANG_ENABLE_OBJC_ARC = YES;
				CLANG_WARN_BOOL_CONVERSION = YES;
				CLANG_WARN_CONSTANT_CONVERSION = YES;
				CLANG_WARN_DIRECT_OBJC_ISA_USAGE = YES_ERROR;
				CLANG_WARN_DOCUMENTATION_COMMENTS = YES;
				CLANG_WARN_EMPTY_BODY = YES;
				CLANG_WARN_ENUM_CONVERSION = YES;
				CLANG_WARN_INFINITE_RECURSION = YES;
				CLANG_WARN_INT_CONVERSION = YES;
				CLANG_WARN_OBJC_ROOT_CLASS = YES_ERROR;
				CLANG_WARN_SUSPICIOUS_MOVES = YES;
				CLANG_WARN_UNREACHABLE_CODE = YES;
				CLANG_WARN__DUPLICATE_METHOD_MATCH = YES;
				"CODE_SIGN_IDENTITY[sdk=iphoneos*]" = "iPhone Developer";
				COPY_PHASE_STRIP = NO;
				DEBUG_INFORMATION_FORMAT = "dwarf-with-dsym";
				ENABLE_NS_ASSERTIONS = NO;
				ENABLE_STRICT_OBJC_MSGSEND = YES;
				GCC_C_LANGUAGE_STANDARD = gnu99;
				GCC_NO_COMMON_BLOCKS = YES;
				GCC_WARN_64_TO_32_BIT_CONVERSION = YES;
				GCC_WARN_ABOUT_RETURN_TYPE = YES_ERROR;
				GCC_WARN_UNDECLARED_SELECTOR = YES;
				GCC_WARN_UNINITIALIZED_AUTOS = YES_AGGRESSIVE;
				GCC_WARN_UNUSED_FUNCTION = YES;
				GCC_WARN_UNUSED_VARIABLE = YES;
				IPHONEOS_DEPLOYMENT_TARGET = 10.0;
				MTL_ENABLE_DEBUG_INFO = NO;
				SDKROOT = iphoneos;
				VALIDATE_PRODUCT = YES;
			};
			name = Release;
		};
		84A4EF6C1DC73FBA00969C9B /* Debug */ = {
			isa = XCBuildConfiguration;
			baseConfigurationReference = 0F1B52D3F2EA46F54AAAAF8C /* Pods-CherrysGift.debug.xcconfig */;
			buildSettings = {
				ASSETCATALOG_COMPILER_APPICON_NAME = AppIcon;
				DEVELOPMENT_TEAM = 5LGER48KH8;
				GCC_PREFIX_HEADER = CherrysGift/CherrysGiftHeader.pch;
				INFOPLIST_FILE = CherrysGift/Info.plist;
				LD_RUNPATH_SEARCH_PATHS = "$(inherited) @executable_path/Frameworks";
				PRODUCT_BUNDLE_IDENTIFIER = com.DerrickQin.CherrysGift;
				PRODUCT_NAME = "$(TARGET_NAME)";
			};
			name = Debug;
		};
		84A4EF6D1DC73FBA00969C9B /* Release */ = {
			isa = XCBuildConfiguration;
			baseConfigurationReference = F392B8D6E861657FFB7DF8E7 /* Pods-CherrysGift.release.xcconfig */;
			buildSettings = {
				ASSETCATALOG_COMPILER_APPICON_NAME = AppIcon;
				DEVELOPMENT_TEAM = 5LGER48KH8;
				GCC_PREFIX_HEADER = CherrysGift/CherrysGiftHeader.pch;
				INFOPLIST_FILE = CherrysGift/Info.plist;
				LD_RUNPATH_SEARCH_PATHS = "$(inherited) @executable_path/Frameworks";
				PRODUCT_BUNDLE_IDENTIFIER = com.DerrickQin.CherrysGift;
				PRODUCT_NAME = "$(TARGET_NAME)";
			};
			name = Release;
		};
/* End XCBuildConfiguration section */

/* Begin XCConfigurationList section */
		84A4EF4F1DC73FBA00969C9B /* Build configuration list for PBXProject "CherrysGift" */ = {
			isa = XCConfigurationList;
			buildConfigurations = (
				84A4EF691DC73FBA00969C9B /* Debug */,
				84A4EF6A1DC73FBA00969C9B /* Release */,
			);
			defaultConfigurationIsVisible = 0;
			defaultConfigurationName = Release;
		};
		84A4EF6B1DC73FBA00969C9B /* Build configuration list for PBXNativeTarget "CherrysGift" */ = {
			isa = XCConfigurationList;
			buildConfigurations = (
				84A4EF6C1DC73FBA00969C9B /* Debug */,
				84A4EF6D1DC73FBA00969C9B /* Release */,
			);
			defaultConfigurationIsVisible = 0;
			defaultConfigurationName = Release;
		};
/* End XCConfigurationList section */
	};
	rootObject = 84A4EF4C1DC73FBA00969C9B /* Project object */;
}
